
Microsoft Visual Studio Solution File, Format Version 12.00
# Visual Studio Version 17
VisualStudioVersion = 17.6.33801.468
MinimumVisualStudioVersion = 10.0.40219.1
Project("{FAE04EC0-301F-11D3-BF4B-00C04F79EFBC}") = "TestProject1", "TestProject1\TestProject1.csproj", "{9809D0BE-F793-400D-8C93-BC8F2A269896}"
EndProject
Project("{FAE04EC0-301F-11D3-BF4B-00C04F79EFBC}") = "CSharpConcepts", "CSharpConcepts\CSharpConcepts.csproj", "{9068B9F7-839E-4624-94FA-932820D3FFEF}"
EndProject
Global
	GlobalSection(SolutionConfigurationPlatforms) = preSolution
		Debug|Any CPU = Debug|Any CPU
		Release|Any CPU = Release|Any CPU
	EndGlobalSection
	GlobalSection(ProjectConfigurationPlatforms) = postSolution
		{9809D0BE-F793-400D-8C93-BC8F2A269896}.Debug|Any CPU.ActiveCfg = Debug|Any CPU
		{9809D0BE-F793-400D-8C93-BC8F2A269896}.Debug|Any CPU.Build.0 = Debug|Any CPU
		{9809D0BE-F793-400D-8C93-BC8F2A269896}.Release|Any CPU.ActiveCfg = Release|Any CPU
		{9809D0BE-F793-400D-8C93-BC8F2A269896}.Release|Any CPU.Build.0 = Release|Any CPU
		{9068B9F7-839E-4624-94FA-932820D3FFEF}.Debug|Any CPU.ActiveCfg = Debug|Any CPU
		{9068B9F7-839E-4624-94FA-932820D3FFEF}.Debug|Any CPU.Build.0 = Debug|Any CPU
		{9068B9F7-839E-4624-94FA-932820D3FFEF}.Release|Any CPU.ActiveCfg = Release|Any CPU
		{9068B9F7-839E-4624-94FA-932820D3FFEF}.Release|Any CPU.Build.0 = Release|Any CPU
	EndGlobalSection
	GlobalSection(SolutionProperties) = preSolution
		HideSolutionNode = FALSE
	EndGlobalSection
	GlobalSection(ExtensibilityGlobals) = postSolution
		SolutionGuid = {DF19E064-C6F8-4F89-88FE-D4F77BC63A9A}
	EndGlobalSection
EndGlobal
